PODS:
  - Capacitor (7.6.0):
    - CapacitorCordova
  - CapacitorCordova (7.6.0)
  - CapacitorDialog (7.0.4):
    - Capacitor
  - CapacitorFilesystem (7.1.8):
    - Capacitor
    - IONFilesystemLib (~> 1.1.1)
  - CapacitorKeyboard (7.0.5):
    - Capacitor
  - CapacitorStatusBar (7.0.5):
    - Capacitor
  - IONFilesystemLib (1.1.2)

DEPENDENCIES:
  - "Capacitor (from `../../node_modules/@capacitor/ios`)"
  - "CapacitorCordova (from `../../node_modules/@capacitor/ios`)"
  - "CapacitorDialog (from `../../node_modules/@capacitor/dialog`)"
  - "CapacitorFilesystem (from `../../node_modules/@capacitor/filesystem`)"
  - "CapacitorKeyboard (from `../../node_modules/@capacitor/keyboard`)"
  - "CapacitorStatusBar (from `../../node_modules/@capacitor/status-bar`)"

SPEC REPOS:
  trunk:
    - IONFilesystemLib

EXTERNAL SOURCES:
  Capacitor:
    :path: "../../node_modules/@capacitor/ios"
  CapacitorCordova:
    :path: "../../node_modules/@capacitor/ios"
  CapacitorDialog:
    :path: "../../node_modules/@capacitor/dialog"
  CapacitorFilesystem:
    :path: "../../node_modules/@capacitor/filesystem"
  CapacitorKeyboard:
    :path: "../../node_modules/@capacitor/keyboard"
  CapacitorStatusBar:
    :path: "../../node_modules/@capacitor/status-bar"

SPEC CHECKSUMS:
  Capacitor: 9251cf0e689bfcc0f8ddc9bae2267108019d9de0
  CapacitorCordova: f163aa2e84b79efc54d6a75b305bc7e05fb80c5d
  CapacitorDialog: 870022e984975fad89eb4bbac84afb3cc2a666ea
  CapacitorFilesystem: f54cd6b76be06fa7ceb219cf313d32e0d626ea87
  CapacitorKeyboard: fc8fe4ae5dfcbac649cc0de9ee20db4e88ee26c5
  CapacitorStatusBar: b4bdcf487553983ffc68d81dfe1668bacb48252f
  IONFilesystemLib: 21a63377696b2d8fab5632ecfb7d2ac67bddb68a

PODFILE CHECKSUM: c135da341f806c02bcb45798138a34708d7c25a7

COCOAPODS: 1.16.2
